
Microsoft Visual Studio Solution File, Format Version 12.00
# Visual Studio Version 17
VisualStudioVersion = 17.4.33103.184
MinimumVisualStudioVersion = 10.0.40219.1
Project("{8BC9CEB8-8B4A-11D0-8D11-00A0C91BC942}") = "Program11_Doom_Difficulty_Menu", "Program11_Doom_Difficulty_Menu\Program11_Doom_Difficulty_Menu.vcxproj", "{9F323E7E-4018-4EFB-9478-DC39DC726A5D}"
EndProject
Global
	GlobalSection(SolutionConfigurationPlatforms) = preSolution
		Debug|x64 = Debug|x64
		Debug|x86 = Debug|x86
		Release|x64 = Release|x64
		Release|x86 = Release|x86
	EndGlobalSection
	GlobalSection(ProjectConfigurationPlatforms) = postSolution
		{9F323E7E-4018-4EFB-9478-DC39DC726A5D}.Debug|x64.ActiveCfg = Debug|x64
		{9F323E7E-4018-4EFB-9478-DC39DC726A5D}.Debug|x64.Build.0 = Debug|x64
		{9F323E7E-4018-4EFB-9478-DC39DC726A5D}.Debug|x86.ActiveCfg = Debug|Win32
		{9F323E7E-4018-4EFB-9478-DC39DC726A5D}.Debug|x86.Build.0 = Debug|Win32
		{9F323E7E-4018-4EFB-9478-DC39DC726A5D}.Release|x64.ActiveCfg = Release|x64
		{9F323E7E-4018-4EFB-9478-DC39DC726A5D}.Release|x64.Build.0 = Release|x64
		{9F323E7E-4018-4EFB-9478-DC39DC726A5D}.Release|x86.ActiveCfg = Release|Win32
		{9F323E7E-4018-4EFB-9478-DC39DC726A5D}.Release|x86.Build.0 = Release|Win32
	EndGlobalSection
	GlobalSection(SolutionProperties) = preSolution
		HideSolutionNode = FALSE
	EndGlobalSection
	GlobalSection(ExtensibilityGlobals) = postSolution
		SolutionGuid = {2A00E7EB-DE3F-4EAF-8E0E-2C4EDE176F5C}
	EndGlobalSection
EndGlobal
