
Microsoft Visual Studio Solution File, Format Version 12.00
# Visual Studio Version 17
VisualStudioVersion = 17.4.33103.184
MinimumVisualStudioVersion = 10.0.40219.1
Project("{8BC9CEB8-8B4A-11D0-8D11-00A0C91BC942}") = "Program20_Simple Text Battle", "Program20_Simple Text Battle\Program20_Simple Text Battle.vcxproj", "{E62C01A7-4EA4-4DFA-91D4-34E261200941}"
EndProject
Global
	GlobalSection(SolutionConfigurationPlatforms) = preSolution
		Debug|x64 = Debug|x64
		Debug|x86 = Debug|x86
		Release|x64 = Release|x64
		Release|x86 = Release|x86
	EndGlobalSection
	GlobalSection(ProjectConfigurationPlatforms) = postSolution
		{E62C01A7-4EA4-4DFA-91D4-34E261200941}.Debug|x64.ActiveCfg = Debug|x64
		{E62C01A7-4EA4-4DFA-91D4-34E261200941}.Debug|x64.Build.0 = Debug|x64
		{E62C01A7-4EA4-4DFA-91D4-34E261200941}.Debug|x86.ActiveCfg = Debug|Win32
		{E62C01A7-4EA4-4DFA-91D4-34E261200941}.Debug|x86.Build.0 = Debug|Win32
		{E62C01A7-4EA4-4DFA-91D4-34E261200941}.Release|x64.ActiveCfg = Release|x64
		{E62C01A7-4EA4-4DFA-91D4-34E261200941}.Release|x64.Build.0 = Release|x64
		{E62C01A7-4EA4-4DFA-91D4-34E261200941}.Release|x86.ActiveCfg = Release|Win32
		{E62C01A7-4EA4-4DFA-91D4-34E261200941}.Release|x86.Build.0 = Release|Win32
	EndGlobalSection
	GlobalSection(SolutionProperties) = preSolution
		HideSolutionNode = FALSE
	EndGlobalSection
	GlobalSection(ExtensibilityGlobals) = postSolution
		SolutionGuid = {D777001B-A610-4824-8C34-2631F6E9E584}
	EndGlobalSection
EndGlobal
